<?xml version="1.0" encoding="utf-8"?>
<Project ToolsVersion="4.0" xmlns="http://schemas.microsoft.com/developer/msbuild/2003">
  <ItemGroup>
    <ClCompile Include="main.cpp" />
    <ClCompile Include="Scenes\CreditsScene.cpp" />
    <ClCompile Include="Scenes\DefaultScene.cpp" />
    <ClCompile Include="Scenes\EndLevelScene.cpp" />
    <ClCompile Include="Scenes\MainMenuScene.cpp" />
    <ClCompile Include="Scenes\SelectCapacityScene.cpp" />
    <ClCompile Include="Scenes\DeathScene.cpp" />
    <ClCompile Include="Scenes\PauseScene.cpp" />
    <ClCompile Include="Scenes\TransitionScene.cpp" />
  </ItemGroup>
  <ItemGroup>
    <ClInclude Include="Scenes\CreditsScene.h" />
    <ClInclude Include="Scenes\DeathScene.h" />
    <ClInclude Include="Scenes\DefaultScene.h" />
    <ClInclude Include="Scenes\EndLevelScene.h" />
    <ClInclude Include="Scenes\LaunchFunction.h" />
    <ClInclude Include="Scenes\MainMenuScene.h" />
    <ClInclude Include="Scenes\PauseScene.h" />
    <ClInclude Include="Scenes\SelectCapacityScene.h" />
    <ClInclude Include="Scenes\TransitionScene.h" />
  </ItemGroup>
  <ItemGroup>
    <None Include="imgui.ini" />
    <None Include="Scenes\LaunchFunction.inl" />
    <None Include="x64\Debug\Game.exe.recipe" />
    <None Include="x64\Debug\Game.tlog\CL.command.1.tlog" />
    <None Include="x64\Debug\Game.tlog\Game.lastbuildstate" />
    <None Include="x64\Debug\Game.tlog\unsuccessfulbuild" />
    <None Include="x64\Debug\vc143.idb" />
    <None Include="x64\Debug\vc143.pdb" />
  </ItemGroup>
  <ItemGroup>
    <Text Include="x64\Debug\Game.Build.CppClean.log" />
    <Text Include="x64\Debug\Game.log" />
    <Text Include="x64\Debug\Game.vcxproj.FileListAbsolute.txt" />
  </ItemGroup>
</Project>